
Microsoft Visual Studio Solution File, Format Version 10.00
# Visual C# Express 2008
Project("{FAE04EC0-301F-11D3-BF4B-00C04F79EFBC}") = "TunnelProxy.Client.App", "TunnelProxy.Client.App\TunnelProxy.Client.App.csproj", "{6F4208B9-AE5A-4D10-B6EA-2B92680BF949}"
EndProject
Project("{FAE04EC0-301F-11D3-BF4B-00C04F79EFBC}") = "TunnelProxy.Server.App", "TunnelProxy.Server.App\TunnelProxy.Server.App.csproj", "{B28E21B5-4835-431A-9278-F09E2AB185DB}"
EndProject
Project("{FAE04EC0-301F-11D3-BF4B-00C04F79EFBC}") = "TunnelProxy.Interfaces", "TunnelProxy.Interfaces\TunnelProxy.Interfaces.csproj", "{65ED19FF-B922-4E84-89EA-0667DC612F9E}"
EndProject
Project("{FAE04EC0-301F-11D3-BF4B-00C04F79EFBC}") = "TunnelProxy.Tunnels", "TunnelProxy.Tunnels\TunnelProxy.Tunnels.csproj", "{EEF54371-58BC-4B90-A2EC-72FC44C217C2}"
EndProject
Project("{FAE04EC0-301F-11D3-BF4B-00C04F79EFBC}") = "TunnelProxy.Util", "TunnelProxy.Util\TunnelProxy.Util.csproj", "{F909BF11-D812-4D0C-AD8B-83C6B8F588FE}"
EndProject
Project("{FAE04EC0-301F-11D3-BF4B-00C04F79EFBC}") = "SoftEther.Client.App", "SoftEther.Client.App\SoftEther.Client.App.csproj", "{E2EC83C4-D7B9-47AE-96D9-CD90CC6C8517}"
EndProject
Project("{FAE04EC0-301F-11D3-BF4B-00C04F79EFBC}") = "SoftEther.Server.App", "SoftEther.Server.App\SoftEther.Server.App.csproj", "{B3389B8E-1DE2-4DCB-81BE-2B4BF31BDC30}"
EndProject
Global
	GlobalSection(SolutionConfigurationPlatforms) = preSolution
		Debug|Any CPU = Debug|Any CPU
		Release|Any CPU = Release|Any CPU
	EndGlobalSection
	GlobalSection(ProjectConfigurationPlatforms) = postSolution
		{6F4208B9-AE5A-4D10-B6EA-2B92680BF949}.Debug|Any CPU.ActiveCfg = Debug|Any CPU
		{6F4208B9-AE5A-4D10-B6EA-2B92680BF949}.Debug|Any CPU.Build.0 = Debug|Any CPU
		{6F4208B9-AE5A-4D10-B6EA-2B92680BF949}.Release|Any CPU.ActiveCfg = Release|Any CPU
		{6F4208B9-AE5A-4D10-B6EA-2B92680BF949}.Release|Any CPU.Build.0 = Release|Any CPU
		{B28E21B5-4835-431A-9278-F09E2AB185DB}.Debug|Any CPU.ActiveCfg = Debug|Any CPU
		{B28E21B5-4835-431A-9278-F09E2AB185DB}.Debug|Any CPU.Build.0 = Debug|Any CPU
		{B28E21B5-4835-431A-9278-F09E2AB185DB}.Release|Any CPU.ActiveCfg = Release|Any CPU
		{B28E21B5-4835-431A-9278-F09E2AB185DB}.Release|Any CPU.Build.0 = Release|Any CPU
		{65ED19FF-B922-4E84-89EA-0667DC612F9E}.Debug|Any CPU.ActiveCfg = Debug|Any CPU
		{65ED19FF-B922-4E84-89EA-0667DC612F9E}.Debug|Any CPU.Build.0 = Debug|Any CPU
		{65ED19FF-B922-4E84-89EA-0667DC612F9E}.Release|Any CPU.ActiveCfg = Release|Any CPU
		{65ED19FF-B922-4E84-89EA-0667DC612F9E}.Release|Any CPU.Build.0 = Release|Any CPU
		{EEF54371-58BC-4B90-A2EC-72FC44C217C2}.Debug|Any CPU.ActiveCfg = Debug|Any CPU
		{EEF54371-58BC-4B90-A2EC-72FC44C217C2}.Debug|Any CPU.Build.0 = Debug|Any CPU
		{EEF54371-58BC-4B90-A2EC-72FC44C217C2}.Release|Any CPU.ActiveCfg = Release|Any CPU
		{EEF54371-58BC-4B90-A2EC-72FC44C217C2}.Release|Any CPU.Build.0 = Release|Any CPU
		{F909BF11-D812-4D0C-AD8B-83C6B8F588FE}.Debug|Any CPU.ActiveCfg = Debug|Any CPU
		{F909BF11-D812-4D0C-AD8B-83C6B8F588FE}.Debug|Any CPU.Build.0 = Debug|Any CPU
		{F909BF11-D812-4D0C-AD8B-83C6B8F588FE}.Release|Any CPU.ActiveCfg = Release|Any CPU
		{F909BF11-D812-4D0C-AD8B-83C6B8F588FE}.Release|Any CPU.Build.0 = Release|Any CPU
		{E2EC83C4-D7B9-47AE-96D9-CD90CC6C8517}.Debug|Any CPU.ActiveCfg = Debug|Any CPU
		{E2EC83C4-D7B9-47AE-96D9-CD90CC6C8517}.Debug|Any CPU.Build.0 = Debug|Any CPU
		{E2EC83C4-D7B9-47AE-96D9-CD90CC6C8517}.Release|Any CPU.ActiveCfg = Release|Any CPU
		{E2EC83C4-D7B9-47AE-96D9-CD90CC6C8517}.Release|Any CPU.Build.0 = Release|Any CPU
		{B3389B8E-1DE2-4DCB-81BE-2B4BF31BDC30}.Debug|Any CPU.ActiveCfg = Debug|Any CPU
		{B3389B8E-1DE2-4DCB-81BE-2B4BF31BDC30}.Debug|Any CPU.Build.0 = Debug|Any CPU
		{B3389B8E-1DE2-4DCB-81BE-2B4BF31BDC30}.Release|Any CPU.ActiveCfg = Release|Any CPU
		{B3389B8E-1DE2-4DCB-81BE-2B4BF31BDC30}.Release|Any CPU.Build.0 = Release|Any CPU
	EndGlobalSection
	GlobalSection(SolutionProperties) = preSolution
		HideSolutionNode = FALSE
	EndGlobalSection
EndGlobal
