
Microsoft Visual Studio Solution File, Format Version 10.00
# Visual Studio 2008
Project("{FAE04EC0-301F-11D3-BF4B-00C04F79EFBC}") = "TunnelProxy.Client.GUI", "TunnelProxy.Client.GUI\TunnelProxy.Client.GUI.csproj", "{28ECF22C-E43B-4742-AF62-8489EAC64F94}"
EndProject
Global
	GlobalSection(SolutionConfigurationPlatforms) = preSolution
		Debug|Any CPU = Debug|Any CPU
		Release|Any CPU = Release|Any CPU
	EndGlobalSection
	GlobalSection(ProjectConfigurationPlatforms) = postSolution
		{28ECF22C-E43B-4742-AF62-8489EAC64F94}.Debug|Any CPU.ActiveCfg = Debug|Any CPU
		{28ECF22C-E43B-4742-AF62-8489EAC64F94}.Debug|Any CPU.Build.0 = Debug|Any CPU
		{28ECF22C-E43B-4742-AF62-8489EAC64F94}.Release|Any CPU.ActiveCfg = Release|Any CPU
		{28ECF22C-E43B-4742-AF62-8489EAC64F94}.Release|Any CPU.Build.0 = Release|Any CPU
	EndGlobalSection
	GlobalSection(SolutionProperties) = preSolution
		HideSolutionNode = FALSE
	EndGlobalSection
EndGlobal
